// !$*UTF8*$!
{
	archiveVersion = 1;
	classes = {
	};
	objectVersion = 77;
	objects = {

/* Begin PBXBuildFile section */
		16AB818C370C3132420E8C87 /* ProgressData.swift in Sources */ = {isa = PBXBuildFile; fileRef = 1CDDE42AD58F6B067B64ED90 /* ProgressData.swift */; };
		1941B67DA3C25D4A42BB7D6D /* PresetSettingsStore.swift in Sources */ = {isa = PBXBuildFile; fileRef = 1387A36E301B5A6EA9BB4A85 /* PresetSettingsStore.swift */; };
		1B420ABE27C55D4F4D474075 /* US001Tests.swift in Sources */ = {isa = PBXBuildFile; fileRef = B74BB88C04B3824E97E3C561 /* US001Tests.swift */; };
		25BAA3E90290CE446B9F7BFC /* NotificationTests.swift in Sources */ = {isa = PBXBuildFile; fileRef = 3912FED25041D62DE77347EA /* NotificationTests.swift */; };
		2ADA17F3F2B2E2ECB0DC32B7 /* FocusSessionViewModel.swift in Sources */ = {isa = PBXBuildFile; fileRef = 53877747FE72F8926A70A9E0 /* FocusSessionViewModel.swift */; };
		39B659A9DA438E70743E07F9 /* CircularProgressRing.swift in Sources */ = {isa = PBXBuildFile; fileRef = D875A8103C5D96B028D6ED5C /* CircularProgressRing.swift */; };
		3ED5BDC623247CE16B62E99B /* ambient_rain.m4a in Resources */ = {isa = PBXBuildFile; fileRef = B92D2B2C025E4DB8856333A0 /* ambient_rain.m4a */; };
		4404053F80F1F1F3265EF06E /* ambient_cafe.m4a in Resources */ = {isa = PBXBuildFile; fileRef = 1B9D70365997A0BB1C917839 /* ambient_cafe.m4a */; };
		4A1C33DCF3B211925C5D9858 /* UpdateChecker.swift in Sources */ = {isa = PBXBuildFile; fileRef = 155853CBF9374645092FE699 /* UpdateChecker.swift */; };
		5ACFC4E7023A7CB22C98EDD3 /* NSScreen+DisplayTarget.swift in Sources */ = {isa = PBXBuildFile; fileRef = 3C90E7594FA40128ADA5F39F /* NSScreen+DisplayTarget.swift */; };
		610C05D4C9C49C70A78B7D69 /* README.md in Resources */ = {isa = PBXBuildFile; fileRef = B1EB99EC9EF014772EA562EF /* README.md */; };
		61F4A962C9C52E757FAE25FE /* ambient_brown_noise.m4a in Resources */ = {isa = PBXBuildFile; fileRef = 7663A82B3FFE2837587C2B2F /* ambient_brown_noise.m4a */; };
		664291E753CDB8DA0B79C9D3 /* ambient_brown_noise.wav in Resources */ = {isa = PBXBuildFile; fileRef = F8EC066ED6CCF07ED7D7309E /* ambient_brown_noise.wav */; };
		716599FCD65FC35919E253E8 /* SettingsMenuView.swift in Sources */ = {isa = PBXBuildFile; fileRef = 23364F4B016E445E5657BF63 /* SettingsMenuView.swift */; };
		82C6E45CC0A2D94BBBB83623 /* CountdownDisplayMode.swift in Sources */ = {isa = PBXBuildFile; fileRef = A53A901D48495497B38B2A1E /* CountdownDisplayMode.swift */; };
		8C3115D9C4790B089D6977E9 /* US004Tests.swift in Sources */ = {isa = PBXBuildFile; fileRef = DBFE863ED8125FD3D3029341 /* US004Tests.swift */; };
		8C831319B8AF05D32A0F8608 /* Assets.xcassets in Resources */ = {isa = PBXBuildFile; fileRef = 08E0A4A56EADCDB21276DE81 /* Assets.xcassets */; };
		8CA3EDDEB1C3C37D3CB1CF54 /* NotchCompanionView.swift in Sources */ = {isa = PBXBuildFile; fileRef = 0679D26521D6F4E9C5774630 /* NotchCompanionView.swift */; };
		935A6BD932F4EC629908FE05 /* ambient_lofi.m4a in Resources */ = {isa = PBXBuildFile; fileRef = 63539C12247302E14148BE07 /* ambient_lofi.m4a */; };
		9756D44804BF478285073F0C /* ambient_rain.wav in Resources */ = {isa = PBXBuildFile; fileRef = 17D6B30DEDC9126B5A3E77DF /* ambient_rain.wav */; };
		98EA03D50041483DEFBB6984 /* SmokeTests.swift in Sources */ = {isa = PBXBuildFile; fileRef = 0E00D04EC9E5E33BBF5D09F7 /* SmokeTests.swift */; };
		AB81CEE35347ABEB708B4B80 /* US006Tests.swift in Sources */ = {isa = PBXBuildFile; fileRef = 37E445602CAD3F9843BA531B /* US006Tests.swift */; };
		AC7D0BE9D2A43B9602F5FFA9 /* NotchWindowControllerTests.swift in Sources */ = {isa = PBXBuildFile; fileRef = D3327FE9112DF5E06C056AEF /* NotchWindowControllerTests.swift */; };
		ADE41CB716798207A29851E9 /* ConfettiView.swift in Sources */ = {isa = PBXBuildFile; fileRef = F287A617D7BF92425C7BD22A /* ConfettiView.swift */; };
		B51EEBF3FF0DC4E28F414828 /* AudioTrack.swift in Sources */ = {isa = PBXBuildFile; fileRef = 841F3EFAB628759B783D66D3 /* AudioTrack.swift */; };
		B54A841D1308C18C226BF1C0 /* US003Tests.swift in Sources */ = {isa = PBXBuildFile; fileRef = 85C93F37E0AC4AA71C304FDD /* US003Tests.swift */; };
		B561D0C04BC57500AF7A7EF0 /* NotchLayout.swift in Sources */ = {isa = PBXBuildFile; fileRef = 164FAFB05B901C05BD1479BF /* NotchLayout.swift */; };
		B5C9AD5FC22FACC36FAA5620 /* AudioMenuView.swift in Sources */ = {isa = PBXBuildFile; fileRef = F3D8E840983307E12ADC1FCF /* AudioMenuView.swift */; };
		B9FD45AD05705636C1173EAC /* NotchWindowController.swift in Sources */ = {isa = PBXBuildFile; fileRef = 3DE8639CEB8A5AB873283533 /* NotchWindowController.swift */; };
		BC0152F64748D50B856DA0C1 /* ambient_forest.m4a in Resources */ = {isa = PBXBuildFile; fileRef = 7D93E5502BBC8DD90FD136BB /* ambient_forest.m4a */; };
		BF73E986CFE97F74C3BFF877 /* UpdateCheckerTests.swift in Sources */ = {isa = PBXBuildFile; fileRef = 1FE4B38761648E58087E9741 /* UpdateCheckerTests.swift */; };
		BFCC005B04C7BBAC52A077CE /* OakApp.swift in Sources */ = {isa = PBXBuildFile; fileRef = 451C36F9BC7A6103BF32362C /* OakApp.swift */; };
		C1C2CDACE52EEF5146C83881 /* ProgressMenuView.swift in Sources */ = {isa = PBXBuildFile; fileRef = D924AA0A4E1BF237979F3114 /* ProgressMenuView.swift */; };
		CE3A4934C57D1C203D016F96 /* SessionModels.swift in Sources */ = {isa = PBXBuildFile; fileRef = 23F2FC6738FCAE0999D42A11 /* SessionModels.swift */; };
		D01FB63BF5CAA09DBAE33DD0 /* AudioManager.swift in Sources */ = {isa = PBXBuildFile; fileRef = C348F7E99471145836A04408 /* AudioManager.swift */; };
		DD867AD4D9ABF04F13068B20 /* US002Tests.swift in Sources */ = {isa = PBXBuildFile; fileRef = 26934C0C6B7C8A90F9D57916 /* US002Tests.swift */; };
		DF1ECF04DC3D712A1F7B0C30 /* NotificationService.swift in Sources */ = {isa = PBXBuildFile; fileRef = 98D555E4182E199E8EC8D0B3 /* NotificationService.swift */; };
		E0B877DBD09CEEF00019BE07 /* ambient_lofi.wav in Resources */ = {isa = PBXBuildFile; fileRef = DB739C07704B32BF1998761B /* ambient_lofi.wav */; };
		E24A84D1E69B270F4EEE1C95 /* ambient_forest.wav in Resources */ = {isa = PBXBuildFile; fileRef = 32954184C5B3930CBE019533 /* ambient_forest.wav */; };
		E3BAB7635E9F5CEAABADB263 /* ProgressManager.swift in Sources */ = {isa = PBXBuildFile; fileRef = 6EFD132B19656D2C6D2CA981 /* ProgressManager.swift */; };
		EAFB172B8BA777F1E272F3F7 /* ambient_cafe.wav in Resources */ = {isa = PBXBuildFile; fileRef = 1641B6605BDA11BE28B2440F /* ambient_cafe.wav */; };
		EBE81F10378684B523C9D931 /* CountdownDisplayModeTests.swift in Sources */ = {isa = PBXBuildFile; fileRef = F294622BEE001AE06968C35C /* CountdownDisplayModeTests.swift */; };
		EC877E270C24B19E01A1DDE4 /* ConfettiViewTests.swift in Sources */ = {isa = PBXBuildFile; fileRef = 14E1129CEDF63355578B0485 /* ConfettiViewTests.swift */; };
		F32ECEC3C32292DC1969C472 /* SessionCompletionNotificationTests.swift in Sources */ = {isa = PBXBuildFile; fileRef = 131CDA9D17A7D22CBC67785C /* SessionCompletionNotificationTests.swift */; };
		F7D47435500BDC1F9A6E1B5A /* US005Tests.swift in Sources */ = {isa = PBXBuildFile; fileRef = 732AEE30E8FEC2D900C8224A /* US005Tests.swift */; };
/* End PBXBuildFile section */

/* Begin PBXContainerItemProxy section */
		8BAC2127C583B49DDB260159 /* PBXContainerItemProxy */ = {
			isa = PBXContainerItemProxy;
			containerPortal = 39608D010831B013089075A9 /* Project object */;
			proxyType = 1;
			remoteGlobalIDString = FC7E40F4DC44200CB4F10CC2;
			remoteInfo = Oak;
		};
/* End PBXContainerItemProxy section */

/* Begin PBXFileReference section */
		03D90651E33152E3C952CE1D /* Oak.app */ = {isa = PBXFileReference; explicitFileType = wrapper.application; includeInIndex = 0; path = Oak.app; sourceTree = BUILT_PRODUCTS_DIR; };
		0679D26521D6F4E9C5774630 /* NotchCompanionView.swift */ = {isa = PBXFileReference; lastKnownFileType = sourcecode.swift; path = NotchCompanionView.swift; sourceTree = "<group>"; };
		08E0A4A56EADCDB21276DE81 /* Assets.xcassets */ = {isa = PBXFileReference; lastKnownFileType = folder.assetcatalog; path = Assets.xcassets; sourceTree = "<group>"; };
		0E00D04EC9E5E33BBF5D09F7 /* SmokeTests.swift */ = {isa = PBXFileReference; lastKnownFileType = sourcecode.swift; path = SmokeTests.swift; sourceTree = "<group>"; };
		131CDA9D17A7D22CBC67785C /* SessionCompletionNotificationTests.swift */ = {isa = PBXFileReference; lastKnownFileType = sourcecode.swift; path = SessionCompletionNotificationTests.swift; sourceTree = "<group>"; };
		1387A36E301B5A6EA9BB4A85 /* PresetSettingsStore.swift */ = {isa = PBXFileReference; lastKnownFileType = sourcecode.swift; path = PresetSettingsStore.swift; sourceTree = "<group>"; };
		14E1129CEDF63355578B0485 /* ConfettiViewTests.swift */ = {isa = PBXFileReference; lastKnownFileType = sourcecode.swift; path = ConfettiViewTests.swift; sourceTree = "<group>"; };
		155853CBF9374645092FE699 /* UpdateChecker.swift */ = {isa = PBXFileReference; lastKnownFileType = sourcecode.swift; path = UpdateChecker.swift; sourceTree = "<group>"; };
		1641B6605BDA11BE28B2440F /* ambient_cafe.wav */ = {isa = PBXFileReference; lastKnownFileType = audio.wav; path = ambient_cafe.wav; sourceTree = "<group>"; };
		164FAFB05B901C05BD1479BF /* NotchLayout.swift */ = {isa = PBXFileReference; lastKnownFileType = sourcecode.swift; path = NotchLayout.swift; sourceTree = "<group>"; };
		17D6B30DEDC9126B5A3E77DF /* ambient_rain.wav */ = {isa = PBXFileReference; lastKnownFileType = audio.wav; path = ambient_rain.wav; sourceTree = "<group>"; };
		1B9D70365997A0BB1C917839 /* ambient_cafe.m4a */ = {isa = PBXFileReference; path = ambient_cafe.m4a; sourceTree = "<group>"; };
		1CDDE42AD58F6B067B64ED90 /* ProgressData.swift */ = {isa = PBXFileReference; lastKnownFileType = sourcecode.swift; path = ProgressData.swift; sourceTree = "<group>"; };
		1FE4B38761648E58087E9741 /* UpdateCheckerTests.swift */ = {isa = PBXFileReference; lastKnownFileType = sourcecode.swift; path = UpdateCheckerTests.swift; sourceTree = "<group>"; };
		23364F4B016E445E5657BF63 /* SettingsMenuView.swift */ = {isa = PBXFileReference; lastKnownFileType = sourcecode.swift; path = SettingsMenuView.swift; sourceTree = "<group>"; };
		23F2FC6738FCAE0999D42A11 /* SessionModels.swift */ = {isa = PBXFileReference; lastKnownFileType = sourcecode.swift; path = SessionModels.swift; sourceTree = "<group>"; };
		26934C0C6B7C8A90F9D57916 /* US002Tests.swift */ = {isa = PBXFileReference; lastKnownFileType = sourcecode.swift; path = US002Tests.swift; sourceTree = "<group>"; };
		32954184C5B3930CBE019533 /* ambient_forest.wav */ = {isa = PBXFileReference; lastKnownFileType = audio.wav; path = ambient_forest.wav; sourceTree = "<group>"; };
		37E445602CAD3F9843BA531B /* US006Tests.swift */ = {isa = PBXFileReference; lastKnownFileType = sourcecode.swift; path = US006Tests.swift; sourceTree = "<group>"; };
		3912FED25041D62DE77347EA /* NotificationTests.swift */ = {isa = PBXFileReference; lastKnownFileType = sourcecode.swift; path = NotificationTests.swift; sourceTree = "<group>"; };
		3C90E7594FA40128ADA5F39F /* NSScreen+DisplayTarget.swift */ = {isa = PBXFileReference; lastKnownFileType = sourcecode.swift; path = "NSScreen+DisplayTarget.swift"; sourceTree = "<group>"; };
		3DE8639CEB8A5AB873283533 /* NotchWindowController.swift */ = {isa = PBXFileReference; lastKnownFileType = sourcecode.swift; path = NotchWindowController.swift; sourceTree = "<group>"; };
		451C36F9BC7A6103BF32362C /* OakApp.swift */ = {isa = PBXFileReference; lastKnownFileType = sourcecode.swift; path = OakApp.swift; sourceTree = "<group>"; };
		53877747FE72F8926A70A9E0 /* FocusSessionViewModel.swift */ = {isa = PBXFileReference; lastKnownFileType = sourcecode.swift; path = FocusSessionViewModel.swift; sourceTree = "<group>"; };
		63539C12247302E14148BE07 /* ambient_lofi.m4a */ = {isa = PBXFileReference; path = ambient_lofi.m4a; sourceTree = "<group>"; };
		6EFD132B19656D2C6D2CA981 /* ProgressManager.swift */ = {isa = PBXFileReference; lastKnownFileType = sourcecode.swift; path = ProgressManager.swift; sourceTree = "<group>"; };
		732AEE30E8FEC2D900C8224A /* US005Tests.swift */ = {isa = PBXFileReference; lastKnownFileType = sourcecode.swift; path = US005Tests.swift; sourceTree = "<group>"; };
		7663A82B3FFE2837587C2B2F /* ambient_brown_noise.m4a */ = {isa = PBXFileReference; path = ambient_brown_noise.m4a; sourceTree = "<group>"; };
		7D93E5502BBC8DD90FD136BB /* ambient_forest.m4a */ = {isa = PBXFileReference; path = ambient_forest.m4a; sourceTree = "<group>"; };
		841F3EFAB628759B783D66D3 /* AudioTrack.swift */ = {isa = PBXFileReference; lastKnownFileType = sourcecode.swift; path = AudioTrack.swift; sourceTree = "<group>"; };
		85C93F37E0AC4AA71C304FDD /* US003Tests.swift */ = {isa = PBXFileReference; lastKnownFileType = sourcecode.swift; path = US003Tests.swift; sourceTree = "<group>"; };
		98D555E4182E199E8EC8D0B3 /* NotificationService.swift */ = {isa = PBXFileReference; lastKnownFileType = sourcecode.swift; path = NotificationService.swift; sourceTree = "<group>"; };
		A53A901D48495497B38B2A1E /* CountdownDisplayMode.swift */ = {isa = PBXFileReference; lastKnownFileType = sourcecode.swift; path = CountdownDisplayMode.swift; sourceTree = "<group>"; };
		B1EB99EC9EF014772EA562EF /* README.md */ = {isa = PBXFileReference; lastKnownFileType = net.daringfireball.markdown; path = README.md; sourceTree = "<group>"; };
		B74BB88C04B3824E97E3C561 /* US001Tests.swift */ = {isa = PBXFileReference; lastKnownFileType = sourcecode.swift; path = US001Tests.swift; sourceTree = "<group>"; };
		B92D2B2C025E4DB8856333A0 /* ambient_rain.m4a */ = {isa = PBXFileReference; path = ambient_rain.m4a; sourceTree = "<group>"; };
		B93F85CD94F4CCB44AC7296C /* OakTests.xctest */ = {isa = PBXFileReference; explicitFileType = wrapper.cfbundle; includeInIndex = 0; path = OakTests.xctest; sourceTree = BUILT_PRODUCTS_DIR; };
		C348F7E99471145836A04408 /* AudioManager.swift */ = {isa = PBXFileReference; lastKnownFileType = sourcecode.swift; path = AudioManager.swift; sourceTree = "<group>"; };
		D3327FE9112DF5E06C056AEF /* NotchWindowControllerTests.swift */ = {isa = PBXFileReference; lastKnownFileType = sourcecode.swift; path = NotchWindowControllerTests.swift; sourceTree = "<group>"; };
		D875A8103C5D96B028D6ED5C /* CircularProgressRing.swift */ = {isa = PBXFileReference; lastKnownFileType = sourcecode.swift; path = CircularProgressRing.swift; sourceTree = "<group>"; };
		D924AA0A4E1BF237979F3114 /* ProgressMenuView.swift */ = {isa = PBXFileReference; lastKnownFileType = sourcecode.swift; path = ProgressMenuView.swift; sourceTree = "<group>"; };
		DB739C07704B32BF1998761B /* ambient_lofi.wav */ = {isa = PBXFileReference; lastKnownFileType = audio.wav; path = ambient_lofi.wav; sourceTree = "<group>"; };
		DBFE863ED8125FD3D3029341 /* US004Tests.swift */ = {isa = PBXFileReference; lastKnownFileType = sourcecode.swift; path = US004Tests.swift; sourceTree = "<group>"; };
		F287A617D7BF92425C7BD22A /* ConfettiView.swift */ = {isa = PBXFileReference; lastKnownFileType = sourcecode.swift; path = ConfettiView.swift; sourceTree = "<group>"; };
		F294622BEE001AE06968C35C /* CountdownDisplayModeTests.swift */ = {isa = PBXFileReference; lastKnownFileType = sourcecode.swift; path = CountdownDisplayModeTests.swift; sourceTree = "<group>"; };
		F3D8E840983307E12ADC1FCF /* AudioMenuView.swift */ = {isa = PBXFileReference; lastKnownFileType = sourcecode.swift; path = AudioMenuView.swift; sourceTree = "<group>"; };
		F8EC066ED6CCF07ED7D7309E /* ambient_brown_noise.wav */ = {isa = PBXFileReference; lastKnownFileType = audio.wav; path = ambient_brown_noise.wav; sourceTree = "<group>"; };
/* End PBXFileReference section */

/* Begin PBXGroup section */
		01D9F58885F69FCDA63E90F6 /* Models */ = {
			isa = PBXGroup;
			children = (
				841F3EFAB628759B783D66D3 /* AudioTrack.swift */,
				A53A901D48495497B38B2A1E /* CountdownDisplayMode.swift */,
				164FAFB05B901C05BD1479BF /* NotchLayout.swift */,
				1CDDE42AD58F6B067B64ED90 /* ProgressData.swift */,
				23F2FC6738FCAE0999D42A11 /* SessionModels.swift */,
			);
			path = Models;
			sourceTree = "<group>";
		};
		219030ABF2A7EE847D85CBB1 /* Resources */ = {
			isa = PBXGroup;
			children = (
				08E0A4A56EADCDB21276DE81 /* Assets.xcassets */,
				B823743F6C684E5F1D78C929 /* Sounds */,
			);
			path = Resources;
			sourceTree = "<group>";
		};
		24245D90328E2484C7585C5A /* Extensions */ = {
			isa = PBXGroup;
			children = (
				3C90E7594FA40128ADA5F39F /* NSScreen+DisplayTarget.swift */,
			);
			path = Extensions;
			sourceTree = "<group>";
		};
		4D1B4FE5542163CFB6A40F76 = {
			isa = PBXGroup;
			children = (
				64E95FFCFED6BE5E5E74A2EC /* Oak */,
				7A59316AAFB96A57EDCA1D15 /* OakTests */,
				71E68205C3AB6B6E9D8871A5 /* Products */,
			);
			sourceTree = "<group>";
		};
		64E95FFCFED6BE5E5E74A2EC /* Oak */ = {
			isa = PBXGroup;
			children = (
				451C36F9BC7A6103BF32362C /* OakApp.swift */,
				24245D90328E2484C7585C5A /* Extensions */,
				01D9F58885F69FCDA63E90F6 /* Models */,
				219030ABF2A7EE847D85CBB1 /* Resources */,
				A433A3CADD138B6EE89589F9 /* Services */,
				A30996A53B7CC97E1A61818B /* ViewModels */,
				9B4DD5BBE504192643738A6D /* Views */,
			);
			path = Oak;
			sourceTree = "<group>";
		};
		71E68205C3AB6B6E9D8871A5 /* Products */ = {
			isa = PBXGroup;
			children = (
				03D90651E33152E3C952CE1D /* Oak.app */,
				B93F85CD94F4CCB44AC7296C /* OakTests.xctest */,
			);
			name = Products;
			sourceTree = "<group>";
		};
		7A59316AAFB96A57EDCA1D15 /* OakTests */ = {
			isa = PBXGroup;
			children = (
				14E1129CEDF63355578B0485 /* ConfettiViewTests.swift */,
				F294622BEE001AE06968C35C /* CountdownDisplayModeTests.swift */,
				D3327FE9112DF5E06C056AEF /* NotchWindowControllerTests.swift */,
				3912FED25041D62DE77347EA /* NotificationTests.swift */,
				131CDA9D17A7D22CBC67785C /* SessionCompletionNotificationTests.swift */,
				0E00D04EC9E5E33BBF5D09F7 /* SmokeTests.swift */,
				1FE4B38761648E58087E9741 /* UpdateCheckerTests.swift */,
				B74BB88C04B3824E97E3C561 /* US001Tests.swift */,
				26934C0C6B7C8A90F9D57916 /* US002Tests.swift */,
				85C93F37E0AC4AA71C304FDD /* US003Tests.swift */,
				DBFE863ED8125FD3D3029341 /* US004Tests.swift */,
				732AEE30E8FEC2D900C8224A /* US005Tests.swift */,
				37E445602CAD3F9843BA531B /* US006Tests.swift */,
			);
			name = OakTests;
			path = Tests/OakTests;
			sourceTree = "<group>";
		};
		9B4DD5BBE504192643738A6D /* Views */ = {
			isa = PBXGroup;
			children = (
				F3D8E840983307E12ADC1FCF /* AudioMenuView.swift */,
				D875A8103C5D96B028D6ED5C /* CircularProgressRing.swift */,
				F287A617D7BF92425C7BD22A /* ConfettiView.swift */,
				0679D26521D6F4E9C5774630 /* NotchCompanionView.swift */,
				3DE8639CEB8A5AB873283533 /* NotchWindowController.swift */,
				D924AA0A4E1BF237979F3114 /* ProgressMenuView.swift */,
				23364F4B016E445E5657BF63 /* SettingsMenuView.swift */,
			);
			path = Views;
			sourceTree = "<group>";
		};
		A30996A53B7CC97E1A61818B /* ViewModels */ = {
			isa = PBXGroup;
			children = (
				53877747FE72F8926A70A9E0 /* FocusSessionViewModel.swift */,
			);
			path = ViewModels;
			sourceTree = "<group>";
		};
		A433A3CADD138B6EE89589F9 /* Services */ = {
			isa = PBXGroup;
			children = (
				C348F7E99471145836A04408 /* AudioManager.swift */,
				98D555E4182E199E8EC8D0B3 /* NotificationService.swift */,
				1387A36E301B5A6EA9BB4A85 /* PresetSettingsStore.swift */,
				6EFD132B19656D2C6D2CA981 /* ProgressManager.swift */,
				155853CBF9374645092FE699 /* UpdateChecker.swift */,
			);
			path = Services;
			sourceTree = "<group>";
		};
		B823743F6C684E5F1D78C929 /* Sounds */ = {
			isa = PBXGroup;
			children = (
				7663A82B3FFE2837587C2B2F /* ambient_brown_noise.m4a */,
				F8EC066ED6CCF07ED7D7309E /* ambient_brown_noise.wav */,
				1B9D70365997A0BB1C917839 /* ambient_cafe.m4a */,
				1641B6605BDA11BE28B2440F /* ambient_cafe.wav */,
				7D93E5502BBC8DD90FD136BB /* ambient_forest.m4a */,
				32954184C5B3930CBE019533 /* ambient_forest.wav */,
				63539C12247302E14148BE07 /* ambient_lofi.m4a */,
				DB739C07704B32BF1998761B /* ambient_lofi.wav */,
				B92D2B2C025E4DB8856333A0 /* ambient_rain.m4a */,
				17D6B30DEDC9126B5A3E77DF /* ambient_rain.wav */,
				B1EB99EC9EF014772EA562EF /* README.md */,
			);
			path = Sounds;
			sourceTree = "<group>";
		};
/* End PBXGroup section */

/* Begin PBXNativeTarget section */
		65A3406A257DA2D6DB99007E /* OakTests */ = {
			isa = PBXNativeTarget;
			buildConfigurationList = F8189E569CB0018A5135913B /* Build configuration list for PBXNativeTarget "OakTests" */;
			buildPhases = (
				EEC54261045B64070CE7D302 /* Sources */,
			);
			buildRules = (
			);
			dependencies = (
				84409F5F66D917BD164F9658 /* PBXTargetDependency */,
			);
			name = OakTests;
			packageProductDependencies = (
			);
			productName = OakTests;
			productReference = B93F85CD94F4CCB44AC7296C /* OakTests.xctest */;
			productType = "com.apple.product-type.bundle.unit-test";
		};
		FC7E40F4DC44200CB4F10CC2 /* Oak */ = {
			isa = PBXNativeTarget;
			buildConfigurationList = 8088C0641197DC0293BF52D3 /* Build configuration list for PBXNativeTarget "Oak" */;
			buildPhases = (
				50E29146CD3C55586456DD9D /* Sources */,
				62CDF9D7636FF393DC9EEDC1 /* Resources */,
			);
			buildRules = (
			);
			dependencies = (
			);
			name = Oak;
			packageProductDependencies = (
			);
			productName = Oak;
			productReference = 03D90651E33152E3C952CE1D /* Oak.app */;
			productType = "com.apple.product-type.application";
		};
/* End PBXNativeTarget section */

/* Begin PBXProject section */
		39608D010831B013089075A9 /* Project object */ = {
			isa = PBXProject;
			attributes = {
				BuildIndependentTargetsInParallel = YES;
				LastSwiftUpdateCheck = 1700;
				LastUpgradeCheck = 1700;
			};
			buildConfigurationList = 532456882F461C1352BFE531 /* Build configuration list for PBXProject "Oak" */;
			compatibilityVersion = "Xcode 14.0";
			developmentRegion = en;
			hasScannedForEncodings = 0;
			knownRegions = (
				Base,
				en,
			);
			mainGroup = 4D1B4FE5542163CFB6A40F76;
			minimizedProjectReferenceProxies = 1;
			preferredProjectObjectVersion = 77;
			projectDirPath = "";
			projectRoot = "";
			targets = (
				FC7E40F4DC44200CB4F10CC2 /* Oak */,
				65A3406A257DA2D6DB99007E /* OakTests */,
			);
		};
/* End PBXProject section */

/* Begin PBXResourcesBuildPhase section */
		62CDF9D7636FF393DC9EEDC1 /* Resources */ = {
			isa = PBXResourcesBuildPhase;
			buildActionMask = 2147483647;
			files = (
				8C831319B8AF05D32A0F8608 /* Assets.xcassets in Resources */,
				610C05D4C9C49C70A78B7D69 /* README.md in Resources */,
				61F4A962C9C52E757FAE25FE /* ambient_brown_noise.m4a in Resources */,
				664291E753CDB8DA0B79C9D3 /* ambient_brown_noise.wav in Resources */,
				4404053F80F1F1F3265EF06E /* ambient_cafe.m4a in Resources */,
				EAFB172B8BA777F1E272F3F7 /* ambient_cafe.wav in Resources */,
				BC0152F64748D50B856DA0C1 /* ambient_forest.m4a in Resources */,
				E24A84D1E69B270F4EEE1C95 /* ambient_forest.wav in Resources */,
				935A6BD932F4EC629908FE05 /* ambient_lofi.m4a in Resources */,
				E0B877DBD09CEEF00019BE07 /* ambient_lofi.wav in Resources */,
				3ED5BDC623247CE16B62E99B /* ambient_rain.m4a in Resources */,
				9756D44804BF478285073F0C /* ambient_rain.wav in Resources */,
			);
			runOnlyForDeploymentPostprocessing = 0;
		};
/* End PBXResourcesBuildPhase section */

/* Begin PBXSourcesBuildPhase section */
		50E29146CD3C55586456DD9D /* Sources */ = {
			isa = PBXSourcesBuildPhase;
			buildActionMask = 2147483647;
			files = (
				D01FB63BF5CAA09DBAE33DD0 /* AudioManager.swift in Sources */,
				B5C9AD5FC22FACC36FAA5620 /* AudioMenuView.swift in Sources */,
				B51EEBF3FF0DC4E28F414828 /* AudioTrack.swift in Sources */,
				39B659A9DA438E70743E07F9 /* CircularProgressRing.swift in Sources */,
				ADE41CB716798207A29851E9 /* ConfettiView.swift in Sources */,
				82C6E45CC0A2D94BBBB83623 /* CountdownDisplayMode.swift in Sources */,
				2ADA17F3F2B2E2ECB0DC32B7 /* FocusSessionViewModel.swift in Sources */,
				5ACFC4E7023A7CB22C98EDD3 /* NSScreen+DisplayTarget.swift in Sources */,
				8CA3EDDEB1C3C37D3CB1CF54 /* NotchCompanionView.swift in Sources */,
				B561D0C04BC57500AF7A7EF0 /* NotchLayout.swift in Sources */,
				B9FD45AD05705636C1173EAC /* NotchWindowController.swift in Sources */,
				DF1ECF04DC3D712A1F7B0C30 /* NotificationService.swift in Sources */,
				BFCC005B04C7BBAC52A077CE /* OakApp.swift in Sources */,
				1941B67DA3C25D4A42BB7D6D /* PresetSettingsStore.swift in Sources */,
				16AB818C370C3132420E8C87 /* ProgressData.swift in Sources */,
				E3BAB7635E9F5CEAABADB263 /* ProgressManager.swift in Sources */,
				C1C2CDACE52EEF5146C83881 /* ProgressMenuView.swift in Sources */,
				CE3A4934C57D1C203D016F96 /* SessionModels.swift in Sources */,
				716599FCD65FC35919E253E8 /* SettingsMenuView.swift in Sources */,
				4A1C33DCF3B211925C5D9858 /* UpdateChecker.swift in Sources */,
			);
			runOnlyForDeploymentPostprocessing = 0;
		};
		EEC54261045B64070CE7D302 /* Sources */ = {
			isa = PBXSourcesBuildPhase;
			buildActionMask = 2147483647;
			files = (
				EC877E270C24B19E01A1DDE4 /* ConfettiViewTests.swift in Sources */,
				EBE81F10378684B523C9D931 /* CountdownDisplayModeTests.swift in Sources */,
				AC7D0BE9D2A43B9602F5FFA9 /* NotchWindowControllerTests.swift in Sources */,
				25BAA3E90290CE446B9F7BFC /* NotificationTests.swift in Sources */,
				F32ECEC3C32292DC1969C472 /* SessionCompletionNotificationTests.swift in Sources */,
				98EA03D50041483DEFBB6984 /* SmokeTests.swift in Sources */,
				1B420ABE27C55D4F4D474075 /* US001Tests.swift in Sources */,
				DD867AD4D9ABF04F13068B20 /* US002Tests.swift in Sources */,
				B54A841D1308C18C226BF1C0 /* US003Tests.swift in Sources */,
				8C3115D9C4790B089D6977E9 /* US004Tests.swift in Sources */,
				F7D47435500BDC1F9A6E1B5A /* US005Tests.swift in Sources */,
				AB81CEE35347ABEB708B4B80 /* US006Tests.swift in Sources */,
				BF73E986CFE97F74C3BFF877 /* UpdateCheckerTests.swift in Sources */,
			);
			runOnlyForDeploymentPostprocessing = 0;
		};
/* End PBXSourcesBuildPhase section */

/* Begin PBXTargetDependency section */
		84409F5F66D917BD164F9658 /* PBXTargetDependency */ = {
			isa = PBXTargetDependency;
			target = FC7E40F4DC44200CB4F10CC2 /* Oak */;
			targetProxy = 8BAC2127C583B49DDB260159 /* PBXContainerItemProxy */;
		};
/* End PBXTargetDependency section */

/* Begin XCBuildConfiguration section */
		94DE8B0C0ACCE13FFED8A534 /* Debug */ = {
			isa = XCBuildConfiguration;
			buildSettings = {
				ALWAYS_SEARCH_USER_PATHS = NO;
				CLANG_ANALYZER_NONNULL = YES;
				CLANG_ANALYZER_NUMBER_OBJECT_CONVERSION = YES_AGGRESSIVE;
				CLANG_CXX_LANGUAGE_STANDARD = "gnu++14";
				CLANG_CXX_LIBRARY = "libc++";
				CLANG_ENABLE_MODULES = YES;
				CLANG_ENABLE_OBJC_ARC = YES;
				CLANG_ENABLE_OBJC_WEAK = YES;
				CLANG_WARN_BLOCK_CAPTURE_AUTORELEASING = YES;
				CLANG_WARN_BOOL_CONVERSION = YES;
				CLANG_WARN_COMMA = YES;
				CLANG_WARN_CONSTANT_CONVERSION = YES;
				CLANG_WARN_DEPRECATED_OBJC_IMPLEMENTATIONS = YES;
				CLANG_WARN_DIRECT_OBJC_ISA_USAGE = YES_ERROR;
				CLANG_WARN_DOCUMENTATION_COMMENTS = YES;
				CLANG_WARN_EMPTY_BODY = YES;
				CLANG_WARN_ENUM_CONVERSION = YES;
				CLANG_WARN_INFINITE_RECURSION = YES;
				CLANG_WARN_INT_CONVERSION = YES;
				CLANG_WARN_NON_LITERAL_NULL_CONVERSION = YES;
				CLANG_WARN_OBJC_IMPLICIT_RETAIN_SELF = YES;
				CLANG_WARN_OBJC_LITERAL_CONVERSION = YES;
				CLANG_WARN_OBJC_ROOT_CLASS = YES_ERROR;
				CLANG_WARN_QUOTED_INCLUDE_IN_FRAMEWORK_HEADER = YES;
				CLANG_WARN_RANGE_LOOP_ANALYSIS = YES;
				CLANG_WARN_STRICT_PROTOTYPES = YES;
				CLANG_WARN_SUSPICIOUS_MOVE = YES;
				CLANG_WARN_UNGUARDED_AVAILABILITY = YES_AGGRESSIVE;
				CLANG_WARN_UNREACHABLE_CODE = YES;
				CLANG_WARN__DUPLICATE_METHOD_MATCH = YES;
				COPY_PHASE_STRIP = NO;
				DEBUG_INFORMATION_FORMAT = dwarf;
				ENABLE_STRICT_OBJC_MSGSEND = YES;
				ENABLE_TESTABILITY = YES;
				GCC_C_LANGUAGE_STANDARD = gnu11;
				GCC_DYNAMIC_NO_PIC = NO;
				GCC_NO_COMMON_BLOCKS = YES;
				GCC_OPTIMIZATION_LEVEL = 0;
				GCC_PREPROCESSOR_DEFINITIONS = (
					"$(inherited)",
					"DEBUG=1",
				);
				GCC_WARN_64_TO_32_BIT_CONVERSION = YES;
				GCC_WARN_ABOUT_RETURN_TYPE = YES_ERROR;
				GCC_WARN_UNDECLARED_SELECTOR = YES;
				GCC_WARN_UNINITIALIZED_AUTOS = YES_AGGRESSIVE;
				GCC_WARN_UNUSED_FUNCTION = YES;
				GCC_WARN_UNUSED_VARIABLE = YES;
				MTL_ENABLE_DEBUG_INFO = INCLUDE_SOURCE;
				MTL_FAST_MATH = YES;
				ONLY_ACTIVE_ARCH = YES;
				PRODUCT_NAME = "$(TARGET_NAME)";
				SDKROOT = macosx;
				SWIFT_ACTIVE_COMPILATION_CONDITIONS = DEBUG;
				SWIFT_OPTIMIZATION_LEVEL = "-Onone";
				SWIFT_VERSION = 5.0;
			};
			name = Debug;
		};
		967F566E88683BA23B2ACD01 /* Release */ = {
			isa = XCBuildConfiguration;
			buildSettings = {
				ALWAYS_SEARCH_USER_PATHS = NO;
				CLANG_ANALYZER_NONNULL = YES;
				CLANG_ANALYZER_NUMBER_OBJECT_CONVERSION = YES_AGGRESSIVE;
				CLANG_CXX_LANGUAGE_STANDARD = "gnu++14";
				CLANG_CXX_LIBRARY = "libc++";
				CLANG_ENABLE_MODULES = YES;
				CLANG_ENABLE_OBJC_ARC = YES;
				CLANG_ENABLE_OBJC_WEAK = YES;
				CLANG_WARN_BLOCK_CAPTURE_AUTORELEASING = YES;
				CLANG_WARN_BOOL_CONVERSION = YES;
				CLANG_WARN_COMMA = YES;
				CLANG_WARN_CONSTANT_CONVERSION = YES;
				CLANG_WARN_DEPRECATED_OBJC_IMPLEMENTATIONS = YES;
				CLANG_WARN_DIRECT_OBJC_ISA_USAGE = YES_ERROR;
				CLANG_WARN_DOCUMENTATION_COMMENTS = YES;
				CLANG_WARN_EMPTY_BODY = YES;
				CLANG_WARN_ENUM_CONVERSION = YES;
				CLANG_WARN_INFINITE_RECURSION = YES;
				CLANG_WARN_INT_CONVERSION = YES;
				CLANG_WARN_NON_LITERAL_NULL_CONVERSION = YES;
				CLANG_WARN_OBJC_IMPLICIT_RETAIN_SELF = YES;
				CLANG_WARN_OBJC_LITERAL_CONVERSION = YES;
				CLANG_WARN_OBJC_ROOT_CLASS = YES_ERROR;
				CLANG_WARN_QUOTED_INCLUDE_IN_FRAMEWORK_HEADER = YES;
				CLANG_WARN_RANGE_LOOP_ANALYSIS = YES;
				CLANG_WARN_STRICT_PROTOTYPES = YES;
				CLANG_WARN_SUSPICIOUS_MOVE = YES;
				CLANG_WARN_UNGUARDED_AVAILABILITY = YES_AGGRESSIVE;
				CLANG_WARN_UNREACHABLE_CODE = YES;
				CLANG_WARN__DUPLICATE_METHOD_MATCH = YES;
				COPY_PHASE_STRIP = NO;
				DEBUG_INFORMATION_FORMAT = "dwarf-with-dsym";
				ENABLE_NS_ASSERTIONS = NO;
				ENABLE_STRICT_OBJC_MSGSEND = YES;
				GCC_C_LANGUAGE_STANDARD = gnu11;
				GCC_NO_COMMON_BLOCKS = YES;
				GCC_WARN_64_TO_32_BIT_CONVERSION = YES;
				GCC_WARN_ABOUT_RETURN_TYPE = YES_ERROR;
				GCC_WARN_UNDECLARED_SELECTOR = YES;
				GCC_WARN_UNINITIALIZED_AUTOS = YES_AGGRESSIVE;
				GCC_WARN_UNUSED_FUNCTION = YES;
				GCC_WARN_UNUSED_VARIABLE = YES;
				MTL_ENABLE_DEBUG_INFO = NO;
				MTL_FAST_MATH = YES;
				PRODUCT_NAME = "$(TARGET_NAME)";
				SDKROOT = macosx;
				SWIFT_COMPILATION_MODE = wholemodule;
				SWIFT_OPTIMIZATION_LEVEL = "-O";
				SWIFT_VERSION = 5.0;
			};
			name = Release;
		};
		BBD558B8D0EFE12F84124E0A /* Release */ = {
			isa = XCBuildConfiguration;
			buildSettings = {
				BUNDLE_LOADER = "$(TEST_HOST)";
				COMBINE_HIDPI_IMAGES = YES;
				GENERATE_INFOPLIST_FILE = YES;
				LD_RUNPATH_SEARCH_PATHS = (
					"$(inherited)",
					"@executable_path/../Frameworks",
					"@loader_path/../Frameworks",
				);
				MACOSX_DEPLOYMENT_TARGET = 13.0;
				SDKROOT = macosx;
				TEST_HOST = "$(BUILT_PRODUCTS_DIR)/Oak.app/Contents/MacOS/Oak";
			};
			name = Release;
		};
		C75A8792663368D3B947F63F /* Debug */ = {
			isa = XCBuildConfiguration;
			buildSettings = {
				ASSETCATALOG_COMPILER_APPICON_NAME = AppIcon;
				COMBINE_HIDPI_IMAGES = YES;
				CURRENT_PROJECT_VERSION = 1;
				GENERATE_INFOPLIST_FILE = YES;
				INFOPLIST_KEY_CFBundleShortVersionString = "$(MARKETING_VERSION)";
				INFOPLIST_KEY_CFBundleVersion = "$(CURRENT_PROJECT_VERSION)";
				INFOPLIST_KEY_LSUIElement = YES;
				LD_RUNPATH_SEARCH_PATHS = (
					"$(inherited)",
					"@executable_path/../Frameworks",
				);
				MACOSX_DEPLOYMENT_TARGET = 13.0;
				MARKETING_VERSION = 0.0.0;
				PRODUCT_BUNDLE_IDENTIFIER = com.productsway.oak.app;
				SDKROOT = macosx;
			};
			name = Debug;
		};
		E5A469C4782EDE86AACBBCF4 /* Debug */ = {
			isa = XCBuildConfiguration;
			buildSettings = {
				BUNDLE_LOADER = "$(TEST_HOST)";
				COMBINE_HIDPI_IMAGES = YES;
				GENERATE_INFOPLIST_FILE = YES;
				LD_RUNPATH_SEARCH_PATHS = (
					"$(inherited)",
					"@executable_path/../Frameworks",
					"@loader_path/../Frameworks",
				);
				MACOSX_DEPLOYMENT_TARGET = 13.0;
				SDKROOT = macosx;
				TEST_HOST = "$(BUILT_PRODUCTS_DIR)/Oak.app/Contents/MacOS/Oak";
			};
			name = Debug;
		};
		EDC9A163EB8869FC1ADAA8D0 /* Release */ = {
			isa = XCBuildConfiguration;
			buildSettings = {
				ASSETCATALOG_COMPILER_APPICON_NAME = AppIcon;
				COMBINE_HIDPI_IMAGES = YES;
				CURRENT_PROJECT_VERSION = 1;
				GENERATE_INFOPLIST_FILE = YES;
				INFOPLIST_KEY_CFBundleShortVersionString = "$(MARKETING_VERSION)";
				INFOPLIST_KEY_CFBundleVersion = "$(CURRENT_PROJECT_VERSION)";
				INFOPLIST_KEY_LSUIElement = YES;
				LD_RUNPATH_SEARCH_PATHS = (
					"$(inherited)",
					"@executable_path/../Frameworks",
				);
				MACOSX_DEPLOYMENT_TARGET = 13.0;
				MARKETING_VERSION = 0.0.0;
				PRODUCT_BUNDLE_IDENTIFIER = com.productsway.oak.app;
				SDKROOT = macosx;
			};
			name = Release;
		};
/* End XCBuildConfiguration section */

/* Begin XCConfigurationList section */
		532456882F461C1352BFE531 /* Build configuration list for PBXProject "Oak" */ = {
			isa = XCConfigurationList;
			buildConfigurations = (
				94DE8B0C0ACCE13FFED8A534 /* Debug */,
				967F566E88683BA23B2ACD01 /* Release */,
			);
			defaultConfigurationIsVisible = 0;
			defaultConfigurationName = Debug;
		};
		8088C0641197DC0293BF52D3 /* Build configuration list for PBXNativeTarget "Oak" */ = {
			isa = XCConfigurationList;
			buildConfigurations = (
				C75A8792663368D3B947F63F /* Debug */,
				EDC9A163EB8869FC1ADAA8D0 /* Release */,
			);
			defaultConfigurationIsVisible = 0;
			defaultConfigurationName = Debug;
		};
		F8189E569CB0018A5135913B /* Build configuration list for PBXNativeTarget "OakTests" */ = {
			isa = XCConfigurationList;
			buildConfigurations = (
				E5A469C4782EDE86AACBBCF4 /* Debug */,
				BBD558B8D0EFE12F84124E0A /* Release */,
			);
			defaultConfigurationIsVisible = 0;
			defaultConfigurationName = Debug;
		};
/* End XCConfigurationList section */
	};
	rootObject = 39608D010831B013089075A9 /* Project object */;
}
